export const TEAM = [
  { name: 'Abhijeet Kadam',              team: 'Rangers',                       stack: 'Dev',          sup: 'Rahul Burgute' },
  { name: 'Abhishek Pandekar',           team: 'Cross functional',              stack: 'Scrum',        sup: 'Yvette Bobcik' },
  { name: 'Aishwarya Nalawade',          team: 'Nova',                          stack: 'Dev',          sup: 'Suraj Kshirsagar' },
  { name: 'Akshada Pokharkar',           team: 'Data Migration',                stack: 'Dev',          sup: 'Dinesh Wagh' },
  { name: 'Akshay Ghodake',              team: 'Thunderbolts',                  stack: 'QA',           sup: 'Christopher Brown' },
  { name: 'Amar Satkar',                 team: 'Thunderbolts',                  stack: 'QA',           sup: 'Christopher Brown' },
  { name: 'Ankit Adgube',                team: 'Thunderbolts',                  stack: 'Dev',          sup: 'Rahul Burgute' },
  { name: 'Ankit Degan',                 team: 'Cross functional',              stack: 'PO',           sup: 'Daniel Knies' },
  { name: 'Ashwinikumar Jujgar',         team: 'Automation Team',               stack: 'Automation',   sup: 'Christopher Brown' },
  { name: 'Bhaskar Sabnis',              team: 'Cross functional',              stack: 'Dev',          sup: 'Vinit Srivastava' },
  { name: 'Chaitali Lande',              team: 'Data Migration / Thunderbolts', stack: 'Dev',          sup: 'Dinesh Wagh' },
  { name: 'Christopher Brown',           team: 'Onshore Team',                  stack: 'Onshore',      sup: 'Daniel Knies' },
  { name: 'Cynthia Monahan',             team: 'Onshore Team',                  stack: 'Onshore',      sup: 'Daniel Knies' },
  { name: 'Daniel Alvord',               team: 'Onshore Team',                  stack: 'Client Delivery', sup: 'Yvette Bobcik' },
  { name: 'Dhanraj Dhake',               team: 'Nova',                          stack: 'Dev',          sup: 'Vinit Srivastava' },
  { name: 'Dinesh Wagh',                 team: 'Rangers/Nova/Thunderbolts',     stack: 'Dev',          sup: 'Vinit Srivastava' },
  { name: 'Felvin Varghese',             team: 'Achievers/Thunderbolts',        stack: 'Dev',          sup: 'Vinit Srivastava' },
  { name: 'Harshada Kamble',             team: 'Achievers/Nova',                stack: 'SQL',          sup: 'Nikunjkumar Gajjar' },
  { name: 'Harshita Singh',              team: 'Avengers/Achievers',            stack: 'QA',           sup: 'Pratika Kaninde' },
  { name: 'Karuna Patil',                team: 'Avengers',                      stack: 'SQL',          sup: 'Nikunjkumar Gajjar' },
  { name: 'Komal Rokade',                team: 'Avengers',                      stack: 'Dev',          sup: 'Suraj Kshirsagar' },
  { name: 'Leopoldo Gonzalez',           team: 'Automation Team',               stack: 'Automation',   sup: 'Christopher Brown' },
  { name: 'Mohini Aradwad',              team: 'Avengers/Achievers',            stack: 'SQL',          sup: 'Nikunjkumar Gajjar' },
  { name: 'Nidhi Gupta',                 team: 'Nova/Thunderbolts',             stack: 'Dev',          sup: 'Felvin Varghese' },
  { name: 'Nikunjkumar Gajjar',          team: 'Avengers/Rangers/Nova',         stack: 'SQL',          sup: 'Vineet Saboo' },
  { name: 'Onkar Vyawahare',             team: 'Nova/Avengers',                 stack: 'Dev',          sup: 'Dinesh Wagh' },
  { name: 'Paromita Dey',                team: 'Nova/Avengers/Thunderbolts',    stack: 'BA',           sup: 'Ankit Degan' },
  { name: 'Poonam Wagavkar',             team: 'Nova - ClaimsTest',             stack: 'Dev',          sup: 'Rahul Burgute' },
  { name: 'Prajwal Mude',                team: 'Thunderbolts',                  stack: 'Dev',          sup: 'Felvin Varghese' },
  { name: 'Pratika Kaninde',             team: 'Avengers/Rangers',              stack: 'QA',           sup: 'Christopher Brown' },
  { name: 'Priya Jawale',                team: 'Rangers',                       stack: 'BA',           sup: 'Ankit Degan' },
  { name: 'Qadeer Khanapure',            team: 'Cross functional',              stack: 'Dev',          sup: 'Vineet Saboo' },
  { name: 'Rahul Burgute',               team: 'Nova - ClaimsTest',             stack: 'Dev',          sup: 'Vinit Srivastava' },
  { name: 'Revathi C',                   team: 'Nova/Thunderbolts',             stack: 'BA',           sup: 'Ankit Degan' },
  { name: 'Sagar Thakare',               team: 'Nova',                          stack: 'Dev',          sup: 'Vineet Saboo' },
  { name: 'Sarika Andhalkar',            team: 'Nova/Rangers',                  stack: 'QA',           sup: 'Pratika Kaninde' },
  { name: 'Shrihari Amle',               team: 'Achievers',                     stack: 'Dev',          sup: 'Felvin Varghese' },
  { name: 'Shubham Chavan',              team: 'Rangers',                       stack: 'SQL',          sup: 'Nikunjkumar Gajjar' },
  { name: 'Shubham Modi',                team: 'Thunderbolts',                  stack: 'Dev',          sup: 'Ankit Degan' },
  { name: 'Sivaraman Ponnusamy',         team: 'Thunderbolts',                  stack: 'BA',           sup: 'Ankit Degan' },
  { name: 'Snehal Suryavanshi',          team: 'Avengers',                      stack: 'Dev',          sup: 'Dhanraj Dhake' },
  { name: 'Sudhir Deshpande',            team: 'Prod Support',                  stack: 'Support',      sup: 'Yvette Bobcik' },
  { name: 'Sumit Marsattiwar',           team: 'Nova/Achievers/Thunderbolts',   stack: 'BA',           sup: 'Ankit Degan' },
  { name: 'Sunil Enugala',               team: 'Onshore Team',                  stack: 'Onshore',      sup: 'Daniel Knies' },
  { name: 'Suraj Kshirsagar',            team: 'Avengers',                      stack: 'Dev',          sup: 'Vinit Srivastava' },
  { name: 'Thodeti Aravind',             team: 'Nova',                          stack: 'Dev',          sup: 'Vineet Saboo' },
  { name: 'Unnati Rathod',               team: 'Avengers/Achievers',            stack: 'QA',           sup: 'Pratika Kaninde' },
  { name: 'Vignesh Moorthy V.',          team: 'Achievers/Thunderbolts',        stack: 'BA',           sup: 'Sunil Enugala' },
  { name: 'Vineet Saboo',                team: 'Cross functional',              stack: 'Principal',    sup: 'Daniel Knies' },
  { name: 'Virendra Panpatil',           team: 'NOVA-Codeset',                  stack: 'Dev',          sup: 'Rahul Burgute' },
  { name: 'Vivek Mishra',                team: 'Thunderbolts',                  stack: 'Dev',          sup: 'Felvin Varghese' },
  { name: 'Yvette Bobcik',               team: 'Onshore Team',                  stack: 'Onshore',      sup: 'Daniel Knies' },
]

export const SEED_LEAVES = [
  { id: 's1',  emp: 'Aishwarya Nalawade',    type: 'planned', from: '2026-04-01', to: '2026-04-01', note: '' },
  { id: 's2',  emp: 'Aishwarya Nalawade',    type: 'planned', from: '2026-04-08', to: '2026-04-09', note: '' },
  { id: 's3',  emp: 'Chaitali Lande',        type: 'planned', from: '2026-04-24', to: '2026-04-24', note: '' },
  { id: 's4',  emp: 'Chaitali Lande',        type: 'planned', from: '2026-04-27', to: '2026-04-29', note: 'Travel' },
  { id: 's5',  emp: 'Dinesh Wagh',           type: 'planned', from: '2026-04-06', to: '2026-04-06', note: '' },
  { id: 's6',  emp: 'Shubham Modi',          type: 'sick',    from: '2026-04-01', to: '2026-04-02', note: '' },
  { id: 's7',  emp: 'Sivaraman Ponnusamy',   type: 'planned', from: '2026-04-01', to: '2026-04-03', note: 'Conference' },
  { id: 's8',  emp: 'Unnati Rathod',         type: 'planned', from: '2026-04-02', to: '2026-04-08', note: '' },
  { id: 's9',  emp: 'Vignesh Moorthy V.',    type: 'wfh',     from: '2026-04-20', to: '2026-04-24', note: 'Remote week' },
  { id: 's10', emp: 'Sumit Marsattiwar',     type: 'planned', from: '2026-05-25', to: '2026-05-29', note: '' },
  { id: 's11', emp: 'Poonam Wagavkar',       type: 'planned', from: '2026-04-30', to: '2026-04-30', note: '' },
  { id: 's12', emp: 'Cynthia Monahan',       type: 'planned', from: '2026-04-24', to: '2026-04-24', note: '' },
  { id: 's13', emp: 'Felvin Varghese',       type: 'wfh',     from: '2026-05-04', to: '2026-05-06', note: 'WFH week' },
  { id: 's14', emp: 'Karuna Patil',          type: 'sick',    from: '2026-04-14', to: '2026-04-15', note: '' },
  { id: 's15', emp: 'Rahul Burgute',         type: 'holiday', from: '2026-04-10', to: '2026-04-10', note: 'Ram Navami' },
]

export const TYPE_LABELS = {
  planned: 'Planned leave',
  sick:    'Sick leave',
  wfh:     'Work from home',
  holiday: 'Public holiday',
  personal:'Personal',
}

export const TYPE_COLORS = {
  planned: { bg: 'bg-red-500/10',    text: 'text-red-400',    dot: '#f85149' },
  sick:    { bg: 'bg-amber-500/10',  text: 'text-amber-400',  dot: '#d29922' },
  wfh:     { bg: 'bg-blue-500/10',   text: 'text-blue-400',   dot: '#58a6ff' },
  holiday: { bg: 'bg-purple-500/10', text: 'text-purple-400', dot: '#bc8cff' },
  personal:{ bg: 'bg-brand-500/10',  text: 'text-brand-400',  dot: '#f97316' },
}

export const AVATAR_PALETTE = [
  '#f97316','#3b82f6','#8b5cf6','#10b981',
  '#ec4899','#14b8a6','#f59e0b','#6366f1',
]

export const TEAMS  = [...new Set(TEAM.map(m => m.team))].sort()
export const STACKS = [...new Set(TEAM.map(m => m.stack))].sort()
